// !$*UTF8*$!
{
	archiveVersion = 1;
	classes = {
	};
	objectVersion = 42;
	objects = {

/* Begin PBXBuildFile section */
		1FA4293B0E716E0C0007F59B /* Icon.icns in Resources */ = {isa = PBXBuildFile; fileRef = 1FA4293A0E716E0C0007F59B /* Icon.icns */; };
		30065823158488940033E1D3 /* AppDelegate.m in Sources */ = {isa = PBXBuildFile; fileRef = 30065822158488940033E1D3 /* AppDelegate.m */; };
		3006584E15848F9D0033E1D3 /* Main.xib in Resources */ = {isa = PBXBuildFile; fileRef = 3006584D15848F9D0033E1D3 /* Main.xib */; };
		3025AFF21361D9830038F6BA /* ShortcutHandlingFields.m in Sources */ = {isa = PBXBuildFile; fileRef = 3025AFF11361D9830038F6BA /* ShortcutHandlingFields.m */; };
		305E262A1296948200CF5467 /* GPGDefaults.m in Sources */ = {isa = PBXBuildFile; fileRef = 305E26291296948200CF5467 /* GPGDefaults.m */; };
		305E2C4D129734A100CF5467 /* KeychainSupport.m in Sources */ = {isa = PBXBuildFile; fileRef = 305E2C4C129734A100CF5467 /* KeychainSupport.m */; };
		305E2D09129734E300CF5467 /* Security.framework in Frameworks */ = {isa = PBXBuildFile; fileRef = 305E2D08129734E300CF5467 /* Security.framework */; };
		30FC94811297E81A0039CEF8 /* Pinentry.xib in Resources */ = {isa = PBXBuildFile; fileRef = 30FC94801297E81A0039CEF8 /* Pinentry.xib */; };
		432325EC0A2B8CD9003EDF4B /* logo.png in Resources */ = {isa = PBXBuildFile; fileRef = 432325EB0A2B8CD9003EDF4B /* logo.png */; };
		4354B56E0A29D531003EB704 /* COPYING in Resources */ = {isa = PBXBuildFile; fileRef = 4354B56D0A29D531003EB704 /* COPYING */; };
		438EE3050A1C6E570005741F /* assuan-buffer.c in Sources */ = {isa = PBXBuildFile; fileRef = 438EE2FD0A1C6E560005741F /* assuan-buffer.c */; };
		438EE3060A1C6E570005741F /* assuan-errors.c in Sources */ = {isa = PBXBuildFile; fileRef = 438EE2FF0A1C6E560005741F /* assuan-errors.c */; };
		438EE3070A1C6E570005741F /* assuan-handler.c in Sources */ = {isa = PBXBuildFile; fileRef = 438EE3000A1C6E560005741F /* assuan-handler.c */; };
		438EE3080A1C6E570005741F /* assuan-listen.c in Sources */ = {isa = PBXBuildFile; fileRef = 438EE3010A1C6E560005741F /* assuan-listen.c */; };
		438EE3090A1C6E570005741F /* assuan-pipe-server.c in Sources */ = {isa = PBXBuildFile; fileRef = 438EE3020A1C6E560005741F /* assuan-pipe-server.c */; };
		438EE30A0A1C6E570005741F /* assuan-util.c in Sources */ = {isa = PBXBuildFile; fileRef = 438EE3030A1C6E560005741F /* assuan-util.c */; };
		438EE30D0A1C6E700005741F /* pinentry.c in Sources */ = {isa = PBXBuildFile; fileRef = 438EE30B0A1C6E700005741F /* pinentry.c */; };
		438EE3130A1C6E860005741F /* secmem.c in Sources */ = {isa = PBXBuildFile; fileRef = 438EE3100A1C6E860005741F /* secmem.c */; };
		438EE3140A1C6E860005741F /* util.c in Sources */ = {isa = PBXBuildFile; fileRef = 438EE3110A1C6E860005741F /* util.c */; };
		438EE31B0A1C70B80005741F /* PinentryController.m in Sources */ = {isa = PBXBuildFile; fileRef = 438EE31A0A1C70B80005741F /* PinentryController.m */; };
		45A0BB29150FC624005C15B2 /* pinentry-curses.c in Sources */ = {isa = PBXBuildFile; fileRef = 45A0BB27150FC624005C15B2 /* pinentry-curses.c */; };
		8D11072D0486CEB800E47090 /* main.m in Sources */ = {isa = PBXBuildFile; fileRef = 29B97316FDCFA39411CA2CEA /* main.m */; settings = {ATTRIBUTES = (); }; };
		8D11072F0486CEB800E47090 /* Cocoa.framework in Frameworks */ = {isa = PBXBuildFile; fileRef = 1058C7A1FEA54F0111CA2CBB /* Cocoa.framework */; };
/* End PBXBuildFile section */

/* Begin PBXFileReference section */
		1058C7A1FEA54F0111CA2CBB /* Cocoa.framework */ = {isa = PBXFileReference; lastKnownFileType = wrapper.framework; name = Cocoa.framework; path = /System/Library/Frameworks/Cocoa.framework; sourceTree = "<absolute>"; };
		1FA4293A0E716E0C0007F59B /* Icon.icns */ = {isa = PBXFileReference; lastKnownFileType = image.icns; path = Icon.icns; sourceTree = "<group>"; };
		1FA4293D0E716E1A0007F59B /* Info.plist */ = {isa = PBXFileReference; fileEncoding = 4; lastKnownFileType = text.plist.xml; path = Info.plist; sourceTree = "<group>"; };
		29B97316FDCFA39411CA2CEA /* main.m */ = {isa = PBXFileReference; fileEncoding = 4; lastKnownFileType = sourcecode.c.objc; path = main.m; sourceTree = "<group>"; };
		30065821158488940033E1D3 /* AppDelegate.h */ = {isa = PBXFileReference; fileEncoding = 4; lastKnownFileType = sourcecode.c.h; path = AppDelegate.h; sourceTree = "<group>"; };
		30065822158488940033E1D3 /* AppDelegate.m */ = {isa = PBXFileReference; fileEncoding = 4; lastKnownFileType = sourcecode.c.objc; path = AppDelegate.m; sourceTree = "<group>"; };
		3006584D15848F9D0033E1D3 /* Main.xib */ = {isa = PBXFileReference; fileEncoding = 4; lastKnownFileType = file.xib; path = Main.xib; sourceTree = "<group>"; };
		3025AFF01361D9830038F6BA /* ShortcutHandlingFields.h */ = {isa = PBXFileReference; fileEncoding = 4; lastKnownFileType = sourcecode.c.h; path = ShortcutHandlingFields.h; sourceTree = "<group>"; };
		3025AFF11361D9830038F6BA /* ShortcutHandlingFields.m */ = {isa = PBXFileReference; fileEncoding = 4; lastKnownFileType = sourcecode.c.objc; path = ShortcutHandlingFields.m; sourceTree = "<group>"; };
		305E26281296948200CF5467 /* GPGDefaults.h */ = {isa = PBXFileReference; fileEncoding = 4; lastKnownFileType = sourcecode.c.h; path = GPGDefaults.h; sourceTree = "<group>"; };
		305E26291296948200CF5467 /* GPGDefaults.m */ = {isa = PBXFileReference; fileEncoding = 4; lastKnownFileType = sourcecode.c.objc; path = GPGDefaults.m; sourceTree = "<group>"; };
		305E276A1296AE9500CF5467 /* English */ = {isa = PBXFileReference; lastKnownFileType = file.xib; name = English; path = English.lproj/Pinentry.xib; sourceTree = "<group>"; };
		305E2C4B129734A100CF5467 /* KeychainSupport.h */ = {isa = PBXFileReference; fileEncoding = 4; lastKnownFileType = sourcecode.c.h; path = KeychainSupport.h; sourceTree = "<group>"; };
		305E2C4C129734A100CF5467 /* KeychainSupport.m */ = {isa = PBXFileReference; fileEncoding = 4; lastKnownFileType = sourcecode.c.objc; path = KeychainSupport.m; sourceTree = "<group>"; };
		305E2D08129734E300CF5467 /* Security.framework */ = {isa = PBXFileReference; lastKnownFileType = wrapper.framework; name = Security.framework; path = /System/Library/Frameworks/Security.framework; sourceTree = "<absolute>"; };
		30FC956B129819310039CEF8 /* English */ = {isa = PBXFileReference; fileEncoding = 10; lastKnownFileType = text.plist.strings; name = English; path = English.lproj/Pinentry.xib.strings; sourceTree = "<group>"; };
		30FC956D129819390039CEF8 /* German */ = {isa = PBXFileReference; lastKnownFileType = text.plist.strings; name = German; path = German.lproj/Pinentry.xib.strings; sourceTree = "<group>"; };
		30FC957412981A040039CEF8 /* German */ = {isa = PBXFileReference; lastKnownFileType = file.xib; name = German; path = German.lproj/Pinentry.xib; sourceTree = "<group>"; };
		32CA4F630368D1EE00C91783 /* prefix.pch */ = {isa = PBXFileReference; fileEncoding = 4; lastKnownFileType = sourcecode.c.h; path = prefix.pch; sourceTree = "<group>"; };
		432325EB0A2B8CD9003EDF4B /* logo.png */ = {isa = PBXFileReference; lastKnownFileType = image.png; path = logo.png; sourceTree = "<group>"; };
		4354B56D0A29D531003EB704 /* COPYING */ = {isa = PBXFileReference; fileEncoding = 30; lastKnownFileType = text; path = COPYING; sourceTree = "<group>"; };
		438EE2FD0A1C6E560005741F /* assuan-buffer.c */ = {isa = PBXFileReference; fileEncoding = 30; lastKnownFileType = sourcecode.c.c; name = "assuan-buffer.c"; path = "pinentry-current/assuan/assuan-buffer.c"; sourceTree = "<group>"; };
		438EE2FE0A1C6E560005741F /* assuan-defs.h */ = {isa = PBXFileReference; fileEncoding = 30; lastKnownFileType = sourcecode.c.h; name = "assuan-defs.h"; path = "pinentry-current/assuan/assuan-defs.h"; sourceTree = "<group>"; };
		438EE2FF0A1C6E560005741F /* assuan-errors.c */ = {isa = PBXFileReference; fileEncoding = 30; lastKnownFileType = sourcecode.c.c; name = "assuan-errors.c"; path = "pinentry-current/assuan/assuan-errors.c"; sourceTree = "<group>"; };
		438EE3000A1C6E560005741F /* assuan-handler.c */ = {isa = PBXFileReference; fileEncoding = 30; lastKnownFileType = sourcecode.c.c; name = "assuan-handler.c"; path = "pinentry-current/assuan/assuan-handler.c"; sourceTree = "<group>"; };
		438EE3010A1C6E560005741F /* assuan-listen.c */ = {isa = PBXFileReference; fileEncoding = 30; lastKnownFileType = sourcecode.c.c; name = "assuan-listen.c"; path = "pinentry-current/assuan/assuan-listen.c"; sourceTree = "<group>"; };
		438EE3020A1C6E560005741F /* assuan-pipe-server.c */ = {isa = PBXFileReference; fileEncoding = 30; lastKnownFileType = sourcecode.c.c; name = "assuan-pipe-server.c"; path = "pinentry-current/assuan/assuan-pipe-server.c"; sourceTree = "<group>"; };
		438EE3030A1C6E560005741F /* assuan-util.c */ = {isa = PBXFileReference; fileEncoding = 30; lastKnownFileType = sourcecode.c.c; name = "assuan-util.c"; path = "pinentry-current/assuan/assuan-util.c"; sourceTree = "<group>"; };
		438EE3040A1C6E560005741F /* assuan.h */ = {isa = PBXFileReference; fileEncoding = 30; lastKnownFileType = sourcecode.c.h; name = assuan.h; path = "pinentry-current/assuan/assuan.h"; sourceTree = "<group>"; };
		438EE30B0A1C6E700005741F /* pinentry.c */ = {isa = PBXFileReference; fileEncoding = 30; lastKnownFileType = sourcecode.c.c; name = pinentry.c; path = "pinentry-current/pinentry/pinentry.c"; sourceTree = "<group>"; };
		438EE30C0A1C6E700005741F /* pinentry.h */ = {isa = PBXFileReference; fileEncoding = 30; lastKnownFileType = sourcecode.c.h; name = pinentry.h; path = "pinentry-current/pinentry/pinentry.h"; sourceTree = "<group>"; };
		438EE30E0A1C6E860005741F /* memory.h */ = {isa = PBXFileReference; fileEncoding = 30; lastKnownFileType = sourcecode.c.h; name = memory.h; path = "pinentry-current/secmem/memory.h"; sourceTree = "<group>"; };
		438EE30F0A1C6E860005741F /* secmem-util.h */ = {isa = PBXFileReference; fileEncoding = 30; lastKnownFileType = sourcecode.c.h; name = "secmem-util.h"; path = "pinentry-current/secmem/secmem-util.h"; sourceTree = "<group>"; };
		438EE3100A1C6E860005741F /* secmem.c */ = {isa = PBXFileReference; fileEncoding = 30; lastKnownFileType = sourcecode.c.c; name = secmem.c; path = "pinentry-current/secmem/secmem.c"; sourceTree = "<group>"; };
		438EE3110A1C6E860005741F /* util.c */ = {isa = PBXFileReference; fileEncoding = 30; lastKnownFileType = sourcecode.c.c; name = util.c; path = "pinentry-current/secmem/util.c"; sourceTree = "<group>"; };
		438EE3120A1C6E860005741F /* util.h */ = {isa = PBXFileReference; fileEncoding = 30; lastKnownFileType = sourcecode.c.h; name = util.h; path = "pinentry-current/secmem/util.h"; sourceTree = "<group>"; };
		438EE3150A1C6EB30005741F /* config.h */ = {isa = PBXFileReference; fileEncoding = 30; lastKnownFileType = sourcecode.c.h; name = config.h; path = "pinentry-current/config.h"; sourceTree = "<group>"; };
		438EE3190A1C70B80005741F /* PinentryController.h */ = {isa = PBXFileReference; fileEncoding = 30; lastKnownFileType = sourcecode.c.h; path = PinentryController.h; sourceTree = "<group>"; };
		438EE31A0A1C70B80005741F /* PinentryController.m */ = {isa = PBXFileReference; fileEncoding = 5; lastKnownFileType = sourcecode.c.objc; path = PinentryController.m; sourceTree = "<group>"; };
		45A0BB27150FC624005C15B2 /* pinentry-curses.c */ = {isa = PBXFileReference; fileEncoding = 4; lastKnownFileType = sourcecode.c.c; name = "pinentry-curses.c"; path = "pinentry-current/pinentry/pinentry-curses.c"; sourceTree = "<group>"; };
		45A0BB28150FC624005C15B2 /* pinentry-curses.h */ = {isa = PBXFileReference; fileEncoding = 4; lastKnownFileType = sourcecode.c.h; name = "pinentry-curses.h"; path = "pinentry-current/pinentry/pinentry-curses.h"; sourceTree = "<group>"; };
		8D1107320486CEB800E47090 /* pinentry-mac.app */ = {isa = PBXFileReference; explicitFileType = wrapper.application; includeInIndex = 0; path = "pinentry-mac.app"; sourceTree = BUILT_PRODUCTS_DIR; };
/* End PBXFileReference section */

/* Begin PBXFrameworksBuildPhase section */
		8D11072E0486CEB800E47090 /* Frameworks */ = {
			isa = PBXFrameworksBuildPhase;
			buildActionMask = 2147483647;
			files = (
				8D11072F0486CEB800E47090 /* Cocoa.framework in Frameworks */,
				305E2D09129734E300CF5467 /* Security.framework in Frameworks */,
			);
			runOnlyForDeploymentPostprocessing = 0;
		};
/* End PBXFrameworksBuildPhase section */

/* Begin PBXGroup section */
		080E96DDFE201D6D7F000001 /* Classes */ = {
			isa = PBXGroup;
			children = (
				438EE3190A1C70B80005741F /* PinentryController.h */,
				438EE31A0A1C70B80005741F /* PinentryController.m */,
				305E26281296948200CF5467 /* GPGDefaults.h */,
				305E26291296948200CF5467 /* GPGDefaults.m */,
				305E2C4B129734A100CF5467 /* KeychainSupport.h */,
				305E2C4C129734A100CF5467 /* KeychainSupport.m */,
				3025AFF01361D9830038F6BA /* ShortcutHandlingFields.h */,
				3025AFF11361D9830038F6BA /* ShortcutHandlingFields.m */,
				30065821158488940033E1D3 /* AppDelegate.h */,
				30065822158488940033E1D3 /* AppDelegate.m */,
			);
			name = Classes;
			sourceTree = "<group>";
		};
		19C28FACFE9D520D11CA2CBB /* Products */ = {
			isa = PBXGroup;
			children = (
				8D1107320486CEB800E47090 /* pinentry-mac.app */,
			);
			name = Products;
			sourceTree = "<group>";
		};
		29B97314FDCFA39411CA2CEA /* pinentry-mac */ = {
			isa = PBXGroup;
			children = (
				080E96DDFE201D6D7F000001 /* Classes */,
				29B97315FDCFA39411CA2CEA /* Other Sources */,
				29B97317FDCFA39411CA2CEA /* Resources */,
				29B97323FDCFA39411CA2CEA /* Frameworks */,
				19C28FACFE9D520D11CA2CBB /* Products */,
			);
			name = "pinentry-mac";
			sourceTree = "<group>";
		};
		29B97315FDCFA39411CA2CEA /* Other Sources */ = {
			isa = PBXGroup;
			children = (
				29B97316FDCFA39411CA2CEA /* main.m */,
				32CA4F630368D1EE00C91783 /* prefix.pch */,
				30CD3A7E129692A5005F9EA7 /* pinentry Sources */,
			);
			name = "Other Sources";
			sourceTree = "<group>";
		};
		29B97317FDCFA39411CA2CEA /* Resources */ = {
			isa = PBXGroup;
			children = (
				3006584D15848F9D0033E1D3 /* Main.xib */,
				30FC94801297E81A0039CEF8 /* Pinentry.xib */,
				30FC956A129819310039CEF8 /* Pinentry.xib.strings */,
				1FA4293A0E716E0C0007F59B /* Icon.icns */,
				432325EB0A2B8CD9003EDF4B /* logo.png */,
				1FA4293D0E716E1A0007F59B /* Info.plist */,
				4354B56D0A29D531003EB704 /* COPYING */,
			);
			name = Resources;
			sourceTree = "<group>";
		};
		29B97323FDCFA39411CA2CEA /* Frameworks */ = {
			isa = PBXGroup;
			children = (
				1058C7A1FEA54F0111CA2CBB /* Cocoa.framework */,
				305E2D08129734E300CF5467 /* Security.framework */,
			);
			name = Frameworks;
			sourceTree = "<group>";
		};
		30CD3A7E129692A5005F9EA7 /* pinentry Sources */ = {
			isa = PBXGroup;
			children = (
				438EE3040A1C6E560005741F /* assuan.h */,
				438EE2FD0A1C6E560005741F /* assuan-buffer.c */,
				438EE2FE0A1C6E560005741F /* assuan-defs.h */,
				438EE2FF0A1C6E560005741F /* assuan-errors.c */,
				438EE3000A1C6E560005741F /* assuan-handler.c */,
				438EE3010A1C6E560005741F /* assuan-listen.c */,
				438EE3020A1C6E560005741F /* assuan-pipe-server.c */,
				438EE3030A1C6E560005741F /* assuan-util.c */,
				438EE3150A1C6EB30005741F /* config.h */,
				438EE30E0A1C6E860005741F /* memory.h */,
				438EE30B0A1C6E700005741F /* pinentry.c */,
				438EE30C0A1C6E700005741F /* pinentry.h */,
				45A0BB27150FC624005C15B2 /* pinentry-curses.c */,
				45A0BB28150FC624005C15B2 /* pinentry-curses.h */,
				438EE3100A1C6E860005741F /* secmem.c */,
				438EE30F0A1C6E860005741F /* secmem-util.h */,
				438EE3110A1C6E860005741F /* util.c */,
				438EE3120A1C6E860005741F /* util.h */,
			);
			name = "pinentry Sources";
			sourceTree = "<group>";
		};
/* End PBXGroup section */

/* Begin PBXNativeTarget section */
		8D1107260486CEB800E47090 /* pinentry-mac */ = {
			isa = PBXNativeTarget;
			buildConfigurationList = C01FCF4A08A954540054247B /* Build configuration list for PBXNativeTarget "pinentry-mac" */;
			buildPhases = (
				30FC955F129818AE0039CEF8 /* Localize XIBs */,
				8D1107290486CEB800E47090 /* Resources */,
				8D11072C0486CEB800E47090 /* Sources */,
				8D11072E0486CEB800E47090 /* Frameworks */,
			);
			buildRules = (
			);
			dependencies = (
			);
			name = "pinentry-mac";
			productInstallPath = "$(HOME)/Applications";
			productName = "pinentry-mac";
			productReference = 8D1107320486CEB800E47090 /* pinentry-mac.app */;
			productType = "com.apple.product-type.application";
		};
/* End PBXNativeTarget section */

/* Begin PBXProject section */
		29B97313FDCFA39411CA2CEA /* Project object */ = {
			isa = PBXProject;
			buildConfigurationList = C01FCF4E08A954540054247B /* Build configuration list for PBXProject "pinentry-mac" */;
			compatibilityVersion = "Xcode 2.4";
			developmentRegion = English;
			hasScannedForEncodings = 1;
			knownRegions = (
				English,
				Japanese,
				French,
				German,
			);
			mainGroup = 29B97314FDCFA39411CA2CEA /* pinentry-mac */;
			projectDirPath = "";
			projectRoot = "";
			targets = (
				8D1107260486CEB800E47090 /* pinentry-mac */,
			);
		};
/* End PBXProject section */

/* Begin PBXResourcesBuildPhase section */
		8D1107290486CEB800E47090 /* Resources */ = {
			isa = PBXResourcesBuildPhase;
			buildActionMask = 2147483647;
			files = (
				4354B56E0A29D531003EB704 /* COPYING in Resources */,
				432325EC0A2B8CD9003EDF4B /* logo.png in Resources */,
				1FA4293B0E716E0C0007F59B /* Icon.icns in Resources */,
				30FC94811297E81A0039CEF8 /* Pinentry.xib in Resources */,
				3006584E15848F9D0033E1D3 /* Main.xib in Resources */,
			);
			runOnlyForDeploymentPostprocessing = 0;
		};
/* End PBXResourcesBuildPhase section */

/* Begin PBXShellScriptBuildPhase section */
		30FC955F129818AE0039CEF8 /* Localize XIBs */ = {
			isa = PBXShellScriptBuildPhase;
			buildActionMask = 2147483647;
			files = (
			);
			inputPaths = (
			);
			name = "Localize XIBs";
			outputPaths = (
			);
			runOnlyForDeploymentPostprocessing = 0;
			shellPath = /bin/sh;
			shellScript = "pushd \"$SRCROOT\" > /dev/null\n\nUtilities/localizeXIB English.lproj/Pinentry.xib German\n\npopd > /dev/null";
		};
/* End PBXShellScriptBuildPhase section */

/* Begin PBXSourcesBuildPhase section */
		8D11072C0486CEB800E47090 /* Sources */ = {
			isa = PBXSourcesBuildPhase;
			buildActionMask = 2147483647;
			files = (
				8D11072D0486CEB800E47090 /* main.m in Sources */,
				438EE3050A1C6E570005741F /* assuan-buffer.c in Sources */,
				438EE3060A1C6E570005741F /* assuan-errors.c in Sources */,
				438EE3070A1C6E570005741F /* assuan-handler.c in Sources */,
				438EE3080A1C6E570005741F /* assuan-listen.c in Sources */,
				438EE3090A1C6E570005741F /* assuan-pipe-server.c in Sources */,
				438EE30A0A1C6E570005741F /* assuan-util.c in Sources */,
				438EE30D0A1C6E700005741F /* pinentry.c in Sources */,
				438EE3130A1C6E860005741F /* secmem.c in Sources */,
				438EE3140A1C6E860005741F /* util.c in Sources */,
				438EE31B0A1C70B80005741F /* PinentryController.m in Sources */,
				305E262A1296948200CF5467 /* GPGDefaults.m in Sources */,
				305E2C4D129734A100CF5467 /* KeychainSupport.m in Sources */,
				3025AFF21361D9830038F6BA /* ShortcutHandlingFields.m in Sources */,
				45A0BB29150FC624005C15B2 /* pinentry-curses.c in Sources */,
				30065823158488940033E1D3 /* AppDelegate.m in Sources */,
			);
			runOnlyForDeploymentPostprocessing = 0;
		};
/* End PBXSourcesBuildPhase section */

/* Begin PBXVariantGroup section */
		30FC94801297E81A0039CEF8 /* Pinentry.xib */ = {
			isa = PBXVariantGroup;
			children = (
				305E276A1296AE9500CF5467 /* English */,
				30FC957412981A040039CEF8 /* German */,
			);
			name = Pinentry.xib;
			sourceTree = "<group>";
		};
		30FC956A129819310039CEF8 /* Pinentry.xib.strings */ = {
			isa = PBXVariantGroup;
			children = (
				30FC956B129819310039CEF8 /* English */,
				30FC956D129819390039CEF8 /* German */,
			);
			name = Pinentry.xib.strings;
			sourceTree = "<group>";
		};
/* End PBXVariantGroup section */

/* Begin XCBuildConfiguration section */
		30AA980214ADE90100AFA701 /* Release with ppc */ = {
			isa = XCBuildConfiguration;
			buildSettings = {
				ARCHS = (
					i386,
					x86_64,
					ppc,
				);
				GCC_PRECOMPILE_PREFIX_HEADER = YES;
				GCC_PREFIX_HEADER = prefix.pch;
				GCC_PREPROCESSOR_DEFINITIONS = (
					HAVE_CONFIG_H,
					FALLBACK_CURSES,
				);
				GCC_VERSION = 4.2;
				GCC_WARN_ABOUT_RETURN_TYPE = YES;
				GCC_WARN_UNUSED_VARIABLE = YES;
				MACOSX_DEPLOYMENT_TARGET = 10.6;
				OTHER_LDFLAGS = (
					"-liconv",
					"-lcurses",
				);
				PREBINDING = NO;
				SDKROOT = macosx;
				VALID_ARCHS = "i386 x86_64 ppc";
			};
			name = "Release with ppc";
		};
		30AA980314ADE90100AFA701 /* Release with ppc */ = {
			isa = XCBuildConfiguration;
			buildSettings = {
				CLANG_LINK_OBJC_RUNTIME = NO;
				GCC_ENABLE_FIX_AND_CONTINUE = NO;
				GCC_GENERATE_DEBUGGING_SYMBOLS = NO;
				GCC_MODEL_TUNING = G5;
				INFOPLIST_FILE = Info.plist;
				INSTALL_PATH = /usr/local/MacGPG2/libexec;
				PRODUCT_NAME = "pinentry-mac";
				VERSION_ADDITION = " (with ppc)";
				WRAPPER_EXTENSION = app;
			};
			name = "Release with ppc";
		};
		C01FCF4B08A954540054247B /* Debug */ = {
			isa = XCBuildConfiguration;
			buildSettings = {
				CLANG_LINK_OBJC_RUNTIME = NO;
				COPY_PHASE_STRIP = NO;
				GCC_DYNAMIC_NO_PIC = NO;
				GCC_ENABLE_FIX_AND_CONTINUE = NO;
				GCC_MODEL_TUNING = G5;
				GCC_OPTIMIZATION_LEVEL = 0;
				INFOPLIST_FILE = Info.plist;
				INSTALL_PATH = /usr/local/MacGPG2/libexec;
				PRODUCT_NAME = "pinentry-mac";
				VERSION_ADDITION = "";
				WRAPPER_EXTENSION = app;
			};
			name = Debug;
		};
		C01FCF4C08A954540054247B /* Release */ = {
			isa = XCBuildConfiguration;
			buildSettings = {
				CLANG_LINK_OBJC_RUNTIME = NO;
				GCC_ENABLE_FIX_AND_CONTINUE = NO;
				GCC_GENERATE_DEBUGGING_SYMBOLS = NO;
				GCC_MODEL_TUNING = G5;
				INFOPLIST_FILE = Info.plist;
				INSTALL_PATH = /usr/local/MacGPG2/libexec;
				PRODUCT_NAME = "pinentry-mac";
				VERSION_ADDITION = "";
				WRAPPER_EXTENSION = app;
			};
			name = Release;
		};
		C01FCF4F08A954540054247B /* Debug */ = {
			isa = XCBuildConfiguration;
			buildSettings = {
				ARCHS = (
					i386,
					x86_64,
				);
				GCC_PRECOMPILE_PREFIX_HEADER = YES;
				GCC_PREFIX_HEADER = prefix.pch;
				GCC_PREPROCESSOR_DEFINITIONS = (
					HAVE_CONFIG_H,
					FALLBACK_CURSES,
				);
				GCC_WARN_ABOUT_RETURN_TYPE = YES;
				GCC_WARN_UNUSED_VARIABLE = YES;
				MACOSX_DEPLOYMENT_TARGET = 10.6;
				ONLY_ACTIVE_ARCH = YES;
				OTHER_LDFLAGS = (
					"-liconv",
					"-lcurses",
				);
				PREBINDING = NO;
				SDKROOT = macosx;
				VALID_ARCHS = "i386 x86_64 ppc";
			};
			name = Debug;
		};
		C01FCF5008A954540054247B /* Release */ = {
			isa = XCBuildConfiguration;
			buildSettings = {
				ARCHS = (
					i386,
					x86_64,
				);
				GCC_PRECOMPILE_PREFIX_HEADER = YES;
				GCC_PREFIX_HEADER = prefix.pch;
				GCC_PREPROCESSOR_DEFINITIONS = (
					HAVE_CONFIG_H,
					FALLBACK_CURSES,
				);
				GCC_WARN_ABOUT_RETURN_TYPE = YES;
				GCC_WARN_UNUSED_VARIABLE = YES;
				MACOSX_DEPLOYMENT_TARGET = 10.6;
				OTHER_LDFLAGS = (
					"-liconv",
					"-lcurses",
				);
				PREBINDING = NO;
				SDKROOT = macosx;
				VALID_ARCHS = "i386 x86_64 ppc";
			};
			name = Release;
		};
/* End XCBuildConfiguration section */

/* Begin XCConfigurationList section */
		C01FCF4A08A954540054247B /* Build configuration list for PBXNativeTarget "pinentry-mac" */ = {
			isa = XCConfigurationList;
			buildConfigurations = (
				C01FCF4B08A954540054247B /* Debug */,
				C01FCF4C08A954540054247B /* Release */,
				30AA980314ADE90100AFA701 /* Release with ppc */,
			);
			defaultConfigurationIsVisible = 0;
			defaultConfigurationName = Release;
		};
		C01FCF4E08A954540054247B /* Build configuration list for PBXProject "pinentry-mac" */ = {
			isa = XCConfigurationList;
			buildConfigurations = (
				C01FCF4F08A954540054247B /* Debug */,
				C01FCF5008A954540054247B /* Release */,
				30AA980214ADE90100AFA701 /* Release with ppc */,
			);
			defaultConfigurationIsVisible = 0;
			defaultConfigurationName = Release;
		};
/* End XCConfigurationList section */
	};
	rootObject = 29B97313FDCFA39411CA2CEA /* Project object */;
}
